
Microsoft Visual Studio Solution File, Format Version 12.00
# Visual Studio Version 16
VisualStudioVersion = 16.0.29009.5
MinimumVisualStudioVersion = 10.0.40219.1
Project("{9A19103F-16F7-4668-BE54-9A1E7A4F7556}") = "ConsoleSnakeGameOld", "ConsoleSnakeGame\ConsoleSnakeGameOld.csproj", "{AEEF851B-6339-4870-A819-D09C73EED732}"
EndProject
Project("{9A19103F-16F7-4668-BE54-9A1E7A4F7556}") = "UnitTestSnake", "UnitTestSnake\UnitTestSnake.csproj", "{1BF9095E-F8EA-41E2-897B-769D60D074B3}"
EndProject
Project("{9A19103F-16F7-4668-BE54-9A1E7A4F7556}") = "ConsoleSnakeGame", "ConsoleApp1\ConsoleSnakeGame.csproj", "{806D2810-471D-4336-9CA4-BF427028594E}"
EndProject
Project("{9A19103F-16F7-4668-BE54-9A1E7A4F7556}") = "GameGeneric", "GameGeneric\GameGeneric.csproj", "{593AFA07-3D30-4EA9-AE55-11C7B1084068}"
EndProject
Global
	GlobalSection(SolutionConfigurationPlatforms) = preSolution
		Debug|Any CPU = Debug|Any CPU
		Release|Any CPU = Release|Any CPU
	EndGlobalSection
	GlobalSection(ProjectConfigurationPlatforms) = postSolution
		{AEEF851B-6339-4870-A819-D09C73EED732}.Debug|Any CPU.ActiveCfg = Debug|Any CPU
		{AEEF851B-6339-4870-A819-D09C73EED732}.Debug|Any CPU.Build.0 = Debug|Any CPU
		{AEEF851B-6339-4870-A819-D09C73EED732}.Release|Any CPU.ActiveCfg = Release|Any CPU
		{AEEF851B-6339-4870-A819-D09C73EED732}.Release|Any CPU.Build.0 = Release|Any CPU
		{1BF9095E-F8EA-41E2-897B-769D60D074B3}.Debug|Any CPU.ActiveCfg = Debug|Any CPU
		{1BF9095E-F8EA-41E2-897B-769D60D074B3}.Debug|Any CPU.Build.0 = Debug|Any CPU
		{1BF9095E-F8EA-41E2-897B-769D60D074B3}.Release|Any CPU.ActiveCfg = Release|Any CPU
		{1BF9095E-F8EA-41E2-897B-769D60D074B3}.Release|Any CPU.Build.0 = Release|Any CPU
		{806D2810-471D-4336-9CA4-BF427028594E}.Debug|Any CPU.ActiveCfg = Debug|Any CPU
		{806D2810-471D-4336-9CA4-BF427028594E}.Debug|Any CPU.Build.0 = Debug|Any CPU
		{806D2810-471D-4336-9CA4-BF427028594E}.Release|Any CPU.ActiveCfg = Release|Any CPU
		{806D2810-471D-4336-9CA4-BF427028594E}.Release|Any CPU.Build.0 = Release|Any CPU
		{593AFA07-3D30-4EA9-AE55-11C7B1084068}.Debug|Any CPU.ActiveCfg = Debug|Any CPU
		{593AFA07-3D30-4EA9-AE55-11C7B1084068}.Debug|Any CPU.Build.0 = Debug|Any CPU
		{593AFA07-3D30-4EA9-AE55-11C7B1084068}.Release|Any CPU.ActiveCfg = Release|Any CPU
		{593AFA07-3D30-4EA9-AE55-11C7B1084068}.Release|Any CPU.Build.0 = Release|Any CPU
	EndGlobalSection
	GlobalSection(SolutionProperties) = preSolution
		HideSolutionNode = FALSE
	EndGlobalSection
	GlobalSection(ExtensibilityGlobals) = postSolution
		SolutionGuid = {35F43311-EB65-4CD1-9AAB-098B2793B556}
	EndGlobalSection
EndGlobal
