
Microsoft Visual Studio Solution File, Format Version 12.00
# Visual Studio 15
VisualStudioVersion = 15.0.27004.2005
MinimumVisualStudioVersion = 10.0.40219.1
Project("{FAE04EC0-301F-11D3-BF4B-00C04F79EFBC}") = "Pong", "Pong\Pong.csproj", "{0CF1FDA9-CF25-4C94-94A1-8A49D172CD39}"
EndProject
Global
	GlobalSection(SolutionConfigurationPlatforms) = preSolution
		Debug|Any CPU = Debug|Any CPU
		Release|Any CPU = Release|Any CPU
	EndGlobalSection
	GlobalSection(ProjectConfigurationPlatforms) = postSolution
		{0CF1FDA9-CF25-4C94-94A1-8A49D172CD39}.Debug|Any CPU.ActiveCfg = Debug|Any CPU
		{0CF1FDA9-CF25-4C94-94A1-8A49D172CD39}.Debug|Any CPU.Build.0 = Debug|Any CPU
		{0CF1FDA9-CF25-4C94-94A1-8A49D172CD39}.Release|Any CPU.ActiveCfg = Release|Any CPU
		{0CF1FDA9-CF25-4C94-94A1-8A49D172CD39}.Release|Any CPU.Build.0 = Release|Any CPU
	EndGlobalSection
	GlobalSection(SolutionProperties) = preSolution
		HideSolutionNode = FALSE
	EndGlobalSection
	GlobalSection(ExtensibilityGlobals) = postSolution
		SolutionGuid = {6D7365DD-825B-4262-B920-DC34CF68701F}
	EndGlobalSection
EndGlobal
